// !$*UTF8*$!
{
	archiveVersion = 1;
	classes = {
	};
	objectVersion = 60;
	objects = {

/* Begin PBXBuildFile section */
		C00000000000000000000001 /* MeetingAssistantNativeApp.swift in Sources */ = {isa = PBXBuildFile; fileRef = B00000000000000000000001 /* MeetingAssistantNativeApp.swift */; };
		C00000000000000000000002 /* DependencyCheckContract.swift in Sources */ = {isa = PBXBuildFile; fileRef = B00000000000000000000002 /* DependencyCheckContract.swift */; };
		C00000000000000000000003 /* DependencyCheckProcessRunner.swift in Sources */ = {isa = PBXBuildFile; fileRef = B00000000000000000000003 /* DependencyCheckProcessRunner.swift */; };
		C00000000000000000000004 /* PermissionDependencyStatusViewModel.swift in Sources */ = {isa = PBXBuildFile; fileRef = B00000000000000000000004 /* PermissionDependencyStatusViewModel.swift */; };
		C00000000000000000000005 /* PermissionDependencyStatusView.swift in Sources */ = {isa = PBXBuildFile; fileRef = B00000000000000000000005 /* PermissionDependencyStatusView.swift */; };
		C00000000000000000000006 /* RecordingCommandClient.swift in Sources */ = {isa = PBXBuildFile; fileRef = B00000000000000000000006 /* RecordingCommandClient.swift */; };
		C00000000000000000000007 /* RecordingFakeCommandClient.swift in Sources */ = {isa = PBXBuildFile; fileRef = B00000000000000000000007 /* RecordingFakeCommandClient.swift */; };
		C00000000000000000000008 /* RecordingControlViewModel.swift in Sources */ = {isa = PBXBuildFile; fileRef = B00000000000000000000008 /* RecordingControlViewModel.swift */; };
		C00000000000000000000009 /* RecordingControlView.swift in Sources */ = {isa = PBXBuildFile; fileRef = B00000000000000000000009 /* RecordingControlView.swift */; };
		C00000000000000000000010 /* AppBundleLocatorSmokeTests.swift in Sources */ = {isa = PBXBuildFile; fileRef = B00000000000000000000010 /* AppBundleLocatorSmokeTests.swift */; };
		C00000000000000000000011 /* TranscriptReviewReadModel.swift in Sources */ = {isa = PBXBuildFile; fileRef = B00000000000000000000013 /* TranscriptReviewReadModel.swift */; };
		C00000000000000000000012 /* TranscriptReviewViewModel.swift in Sources */ = {isa = PBXBuildFile; fileRef = B00000000000000000000014 /* TranscriptReviewViewModel.swift */; };
		C00000000000000000000013 /* TranscriptReviewView.swift in Sources */ = {isa = PBXBuildFile; fileRef = B00000000000000000000015 /* TranscriptReviewView.swift */; };
		C00000000000000000000014 /* TranscriptReviewWorkspaceLoader.swift in Sources */ = {isa = PBXBuildFile; fileRef = B00000000000000000000016 /* TranscriptReviewWorkspaceLoader.swift */; };
		C00000000000000000000015 /* TranscriptActionCommandClient.swift in Sources */ = {isa = PBXBuildFile; fileRef = B00000000000000000000017 /* TranscriptActionCommandClient.swift */; };
		C00000000000000000000016 /* TranscriptActionFakeCommandClient.swift in Sources */ = {isa = PBXBuildFile; fileRef = B00000000000000000000018 /* TranscriptActionFakeCommandClient.swift */; };
		C00000000000000000000017 /* TranscriptReviewActionsViewModel.swift in Sources */ = {isa = PBXBuildFile; fileRef = B00000000000000000000019 /* TranscriptReviewActionsViewModel.swift */; };
		C00000000000000000000018 /* TranscriptReviewActionsView.swift in Sources */ = {isa = PBXBuildFile; fileRef = B00000000000000000000020 /* TranscriptReviewActionsView.swift */; };
		C00000000000000000000033 /* TranscriptActionOSClients.swift in Sources */ = {isa = PBXBuildFile; fileRef = B00000000000000000000035 /* TranscriptActionOSClients.swift */; };
		C00000000000000000000019 /* ProcessingCommandClient.swift in Sources */ = {isa = PBXBuildFile; fileRef = B00000000000000000000021 /* ProcessingCommandClient.swift */; };
			C00000000000000000000020 /* ProcessingCommandProcessRunner.swift in Sources */ = {isa = PBXBuildFile; fileRef = B00000000000000000000022 /* ProcessingCommandProcessRunner.swift */; };
			C00000000000000000000021 /* ProcessingCommandFakeClient.swift in Sources */ = {isa = PBXBuildFile; fileRef = B00000000000000000000023 /* ProcessingCommandFakeClient.swift */; };
			C00000000000000000000022 /* ProcessingStateViewModel.swift in Sources */ = {isa = PBXBuildFile; fileRef = B00000000000000000000024 /* ProcessingStateViewModel.swift */; };
			C00000000000000000000023 /* ProcessingStateView.swift in Sources */ = {isa = PBXBuildFile; fileRef = B00000000000000000000025 /* ProcessingStateView.swift */; };
			C00000000000000000000024 /* NativeCaptureAdapter.swift in Sources */ = {isa = PBXBuildFile; fileRef = B00000000000000000000026 /* NativeCaptureAdapter.swift */; };
			C00000000000000000000025 /* ControlledNativeCaptureAdapter.swift in Sources */ = {isa = PBXBuildFile; fileRef = B00000000000000000000027 /* ControlledNativeCaptureAdapter.swift */; };
			C00000000000000000000026 /* RecordingSessionStore.swift in Sources */ = {isa = PBXBuildFile; fileRef = B00000000000000000000028 /* RecordingSessionStore.swift */; };
			C00000000000000000000027 /* NativeRecordingCommandClient.swift in Sources */ = {isa = PBXBuildFile; fileRef = B00000000000000000000029 /* NativeRecordingCommandClient.swift */; };
			C00000000000000000000028 /* NativeCapturePermissionChecker.swift in Sources */ = {isa = PBXBuildFile; fileRef = B00000000000000000000030 /* NativeCapturePermissionChecker.swift */; };
			C00000000000000000000029 /* AppleScreenCaptureKitNativeCaptureAdapter.swift in Sources */ = {isa = PBXBuildFile; fileRef = B00000000000000000000031 /* AppleScreenCaptureKitNativeCaptureAdapter.swift */; };
			C00000000000000000000030 /* DesignedNativeShellViewModel.swift in Sources */ = {isa = PBXBuildFile; fileRef = B00000000000000000000032 /* DesignedNativeShellViewModel.swift */; };
			C00000000000000000000031 /* DesignedNativeShellView.swift in Sources */ = {isa = PBXBuildFile; fileRef = B00000000000000000000033 /* DesignedNativeShellView.swift */; };
			C00000000000000000000032 /* DesignedNativeShellAppBundleTests.swift in Sources */ = {isa = PBXBuildFile; fileRef = B00000000000000000000034 /* DesignedNativeShellAppBundleTests.swift */; };
			C00000000000000000000034 /* MeetingSessionWorkspaceRepository.swift in Sources */ = {isa = PBXBuildFile; fileRef = B00000000000000000000036 /* MeetingSessionWorkspaceRepository.swift */; };
			C00000000000000000000035 /* MeetingWorkspaceCoordinator.swift in Sources */ = {isa = PBXBuildFile; fileRef = B00000000000000000000037 /* MeetingWorkspaceCoordinator.swift */; };
/* End PBXBuildFile section */

/* Begin PBXContainerItemProxy section */
		A00000000000000000004002 /* PBXContainerItemProxy */ = {
			isa = PBXContainerItemProxy;
			containerPortal = A00000000000000000000001 /* Project object */;
			proxyType = 1;
			remoteGlobalIDString = A00000000000000000001001;
			remoteInfo = MeetingAssistantNative;
		};
/* End PBXContainerItemProxy section */

/* Begin PBXFileReference section */
		B00000000000000000000001 /* MeetingAssistantNativeApp.swift */ = {isa = PBXFileReference; lastKnownFileType = sourcecode.swift; path = MeetingAssistantNativeApp.swift; sourceTree = "<group>"; };
		B00000000000000000000002 /* DependencyCheckContract.swift */ = {isa = PBXFileReference; lastKnownFileType = sourcecode.swift; path = DependencyCheckContract.swift; sourceTree = "<group>"; };
		B00000000000000000000003 /* DependencyCheckProcessRunner.swift */ = {isa = PBXFileReference; lastKnownFileType = sourcecode.swift; path = DependencyCheckProcessRunner.swift; sourceTree = "<group>"; };
		B00000000000000000000004 /* PermissionDependencyStatusViewModel.swift */ = {isa = PBXFileReference; lastKnownFileType = sourcecode.swift; path = PermissionDependencyStatusViewModel.swift; sourceTree = "<group>"; };
		B00000000000000000000005 /* PermissionDependencyStatusView.swift */ = {isa = PBXFileReference; lastKnownFileType = sourcecode.swift; path = PermissionDependencyStatusView.swift; sourceTree = "<group>"; };
		B00000000000000000000006 /* RecordingCommandClient.swift */ = {isa = PBXFileReference; lastKnownFileType = sourcecode.swift; path = RecordingCommandClient.swift; sourceTree = "<group>"; };
		B00000000000000000000007 /* RecordingFakeCommandClient.swift */ = {isa = PBXFileReference; lastKnownFileType = sourcecode.swift; path = RecordingFakeCommandClient.swift; sourceTree = "<group>"; };
		B00000000000000000000008 /* RecordingControlViewModel.swift */ = {isa = PBXFileReference; lastKnownFileType = sourcecode.swift; path = RecordingControlViewModel.swift; sourceTree = "<group>"; };
		B00000000000000000000009 /* RecordingControlView.swift */ = {isa = PBXFileReference; lastKnownFileType = sourcecode.swift; path = RecordingControlView.swift; sourceTree = "<group>"; };
		B00000000000000000000010 /* AppBundleLocatorSmokeTests.swift */ = {isa = PBXFileReference; lastKnownFileType = sourcecode.swift; path = AppBundleLocatorSmokeTests.swift; sourceTree = "<group>"; };
		B00000000000000000000011 /* MeetingAssistantNative.app */ = {isa = PBXFileReference; explicitFileType = wrapper.application; includeInIndex = 0; path = MeetingAssistantNative.app; sourceTree = BUILT_PRODUCTS_DIR; };
		B00000000000000000000012 /* MeetingAssistantNativeAppUITests.xctest */ = {isa = PBXFileReference; explicitFileType = wrapper.cfbundle; includeInIndex = 0; path = MeetingAssistantNativeAppUITests.xctest; sourceTree = BUILT_PRODUCTS_DIR; };
		B00000000000000000000013 /* TranscriptReviewReadModel.swift */ = {isa = PBXFileReference; lastKnownFileType = sourcecode.swift; path = TranscriptReviewReadModel.swift; sourceTree = "<group>"; };
		B00000000000000000000014 /* TranscriptReviewViewModel.swift */ = {isa = PBXFileReference; lastKnownFileType = sourcecode.swift; path = TranscriptReviewViewModel.swift; sourceTree = "<group>"; };
		B00000000000000000000015 /* TranscriptReviewView.swift */ = {isa = PBXFileReference; lastKnownFileType = sourcecode.swift; path = TranscriptReviewView.swift; sourceTree = "<group>"; };
		B00000000000000000000016 /* TranscriptReviewWorkspaceLoader.swift */ = {isa = PBXFileReference; lastKnownFileType = sourcecode.swift; path = TranscriptReviewWorkspaceLoader.swift; sourceTree = "<group>"; };
		B00000000000000000000017 /* TranscriptActionCommandClient.swift */ = {isa = PBXFileReference; lastKnownFileType = sourcecode.swift; path = TranscriptActionCommandClient.swift; sourceTree = "<group>"; };
		B00000000000000000000018 /* TranscriptActionFakeCommandClient.swift */ = {isa = PBXFileReference; lastKnownFileType = sourcecode.swift; path = TranscriptActionFakeCommandClient.swift; sourceTree = "<group>"; };
		B00000000000000000000019 /* TranscriptReviewActionsViewModel.swift */ = {isa = PBXFileReference; lastKnownFileType = sourcecode.swift; path = TranscriptReviewActionsViewModel.swift; sourceTree = "<group>"; };
		B00000000000000000000020 /* TranscriptReviewActionsView.swift */ = {isa = PBXFileReference; lastKnownFileType = sourcecode.swift; path = TranscriptReviewActionsView.swift; sourceTree = "<group>"; };
		B00000000000000000000035 /* TranscriptActionOSClients.swift */ = {isa = PBXFileReference; lastKnownFileType = sourcecode.swift; path = TranscriptActionOSClients.swift; sourceTree = "<group>"; };
		B00000000000000000000021 /* ProcessingCommandClient.swift */ = {isa = PBXFileReference; lastKnownFileType = sourcecode.swift; path = ProcessingCommandClient.swift; sourceTree = "<group>"; };
		B00000000000000000000022 /* ProcessingCommandProcessRunner.swift */ = {isa = PBXFileReference; lastKnownFileType = sourcecode.swift; path = ProcessingCommandProcessRunner.swift; sourceTree = "<group>"; };
			B00000000000000000000023 /* ProcessingCommandFakeClient.swift */ = {isa = PBXFileReference; lastKnownFileType = sourcecode.swift; path = ProcessingCommandFakeClient.swift; sourceTree = "<group>"; };
			B00000000000000000000024 /* ProcessingStateViewModel.swift */ = {isa = PBXFileReference; lastKnownFileType = sourcecode.swift; path = ProcessingStateViewModel.swift; sourceTree = "<group>"; };
			B00000000000000000000025 /* ProcessingStateView.swift */ = {isa = PBXFileReference; lastKnownFileType = sourcecode.swift; path = ProcessingStateView.swift; sourceTree = "<group>"; };
			B00000000000000000000026 /* NativeCaptureAdapter.swift */ = {isa = PBXFileReference; lastKnownFileType = sourcecode.swift; path = NativeCaptureAdapter.swift; sourceTree = "<group>"; };
			B00000000000000000000027 /* ControlledNativeCaptureAdapter.swift */ = {isa = PBXFileReference; lastKnownFileType = sourcecode.swift; path = ControlledNativeCaptureAdapter.swift; sourceTree = "<group>"; };
			B00000000000000000000028 /* RecordingSessionStore.swift */ = {isa = PBXFileReference; lastKnownFileType = sourcecode.swift; path = RecordingSessionStore.swift; sourceTree = "<group>"; };
			B00000000000000000000029 /* NativeRecordingCommandClient.swift */ = {isa = PBXFileReference; lastKnownFileType = sourcecode.swift; path = NativeRecordingCommandClient.swift; sourceTree = "<group>"; };
			B00000000000000000000030 /* NativeCapturePermissionChecker.swift */ = {isa = PBXFileReference; lastKnownFileType = sourcecode.swift; path = NativeCapturePermissionChecker.swift; sourceTree = "<group>"; };
			B00000000000000000000031 /* AppleScreenCaptureKitNativeCaptureAdapter.swift */ = {isa = PBXFileReference; lastKnownFileType = sourcecode.swift; path = AppleScreenCaptureKitNativeCaptureAdapter.swift; sourceTree = "<group>"; };
			B00000000000000000000032 /* DesignedNativeShellViewModel.swift */ = {isa = PBXFileReference; lastKnownFileType = sourcecode.swift; path = DesignedNativeShellViewModel.swift; sourceTree = "<group>"; };
			B00000000000000000000033 /* DesignedNativeShellView.swift */ = {isa = PBXFileReference; lastKnownFileType = sourcecode.swift; path = DesignedNativeShellView.swift; sourceTree = "<group>"; };
			B00000000000000000000034 /* DesignedNativeShellAppBundleTests.swift */ = {isa = PBXFileReference; lastKnownFileType = sourcecode.swift; path = DesignedNativeShellAppBundleTests.swift; sourceTree = "<group>"; };
			B00000000000000000000036 /* MeetingSessionWorkspaceRepository.swift */ = {isa = PBXFileReference; lastKnownFileType = sourcecode.swift; path = MeetingSessionWorkspaceRepository.swift; sourceTree = "<group>"; };
			B00000000000000000000037 /* MeetingWorkspaceCoordinator.swift */ = {isa = PBXFileReference; lastKnownFileType = sourcecode.swift; path = MeetingWorkspaceCoordinator.swift; sourceTree = "<group>"; };
/* End PBXFileReference section */

/* Begin PBXFrameworksBuildPhase section */
		A00000000000000000002002 /* Frameworks */ = {
			isa = PBXFrameworksBuildPhase;
			buildActionMask = 2147483647;
			files = (
			);
			runOnlyForDeploymentPostprocessing = 0;
		};
		A00000000000000000002012 /* Frameworks */ = {
			isa = PBXFrameworksBuildPhase;
			buildActionMask = 2147483647;
			files = (
			);
			runOnlyForDeploymentPostprocessing = 0;
		};
/* End PBXFrameworksBuildPhase section */

/* Begin PBXGroup section */
		A00000000000000000000002 = {
			isa = PBXGroup;
			children = (
				A00000000000000000000004 /* App */,
				A00000000000000000000005 /* MeetingAssistantNative */,
				A00000000000000000000006 /* UITests */,
				A00000000000000000000003 /* Products */,
			);
			sourceTree = "<group>";
		};
		A00000000000000000000003 /* Products */ = {
			isa = PBXGroup;
			children = (
				B00000000000000000000011 /* MeetingAssistantNative.app */,
				B00000000000000000000012 /* MeetingAssistantNativeAppUITests.xctest */,
			);
			name = Products;
			sourceTree = "<group>";
		};
		A00000000000000000000004 /* App */ = {
			isa = PBXGroup;
			children = (
				B00000000000000000000001 /* MeetingAssistantNativeApp.swift */,
			);
			path = App;
			sourceTree = "<group>";
		};
		A00000000000000000000005 /* MeetingAssistantNative */ = {
			isa = PBXGroup;
			children = (
				B00000000000000000000002 /* DependencyCheckContract.swift */,
				B00000000000000000000003 /* DependencyCheckProcessRunner.swift */,
				B00000000000000000000004 /* PermissionDependencyStatusViewModel.swift */,
				B00000000000000000000005 /* PermissionDependencyStatusView.swift */,
				B00000000000000000000006 /* RecordingCommandClient.swift */,
					B00000000000000000000007 /* RecordingFakeCommandClient.swift */,
					B00000000000000000000026 /* NativeCaptureAdapter.swift */,
					B00000000000000000000027 /* ControlledNativeCaptureAdapter.swift */,
					B00000000000000000000028 /* RecordingSessionStore.swift */,
					B00000000000000000000029 /* NativeRecordingCommandClient.swift */,
					B00000000000000000000030 /* NativeCapturePermissionChecker.swift */,
					B00000000000000000000031 /* AppleScreenCaptureKitNativeCaptureAdapter.swift */,
					B00000000000000000000008 /* RecordingControlViewModel.swift */,
					B00000000000000000000009 /* RecordingControlView.swift */,
				B00000000000000000000013 /* TranscriptReviewReadModel.swift */,
				B00000000000000000000016 /* TranscriptReviewWorkspaceLoader.swift */,
				B00000000000000000000014 /* TranscriptReviewViewModel.swift */,
				B00000000000000000000015 /* TranscriptReviewView.swift */,
				B00000000000000000000017 /* TranscriptActionCommandClient.swift */,
				B00000000000000000000018 /* TranscriptActionFakeCommandClient.swift */,
				B00000000000000000000035 /* TranscriptActionOSClients.swift */,
				B00000000000000000000019 /* TranscriptReviewActionsViewModel.swift */,
				B00000000000000000000020 /* TranscriptReviewActionsView.swift */,
				B00000000000000000000021 /* ProcessingCommandClient.swift */,
				B00000000000000000000022 /* ProcessingCommandProcessRunner.swift */,
				B00000000000000000000023 /* ProcessingCommandFakeClient.swift */,
				B00000000000000000000024 /* ProcessingStateViewModel.swift */,
				B00000000000000000000025 /* ProcessingStateView.swift */,
				B00000000000000000000032 /* DesignedNativeShellViewModel.swift */,
				B00000000000000000000033 /* DesignedNativeShellView.swift */,
				B00000000000000000000036 /* MeetingSessionWorkspaceRepository.swift */,
				B00000000000000000000037 /* MeetingWorkspaceCoordinator.swift */,
			);
			path = Sources/MeetingAssistantNative;
			sourceTree = "<group>";
		};
		A00000000000000000000006 /* UITests */ = {
			isa = PBXGroup;
			children = (
				A00000000000000000000007 /* MeetingAssistantNativeAppUITests */,
			);
			path = UITests;
			sourceTree = "<group>";
		};
		A00000000000000000000007 /* MeetingAssistantNativeAppUITests */ = {
			isa = PBXGroup;
			children = (
				B00000000000000000000010 /* AppBundleLocatorSmokeTests.swift */,
				B00000000000000000000034 /* DesignedNativeShellAppBundleTests.swift */,
			);
			path = MeetingAssistantNativeAppUITests;
			sourceTree = "<group>";
		};
/* End PBXGroup section */

/* Begin PBXNativeTarget section */
		A00000000000000000001001 /* MeetingAssistantNative */ = {
			isa = PBXNativeTarget;
			buildConfigurationList = A00000000000000000003002 /* Build configuration list for PBXNativeTarget "MeetingAssistantNative" */;
			buildPhases = (
				A00000000000000000002001 /* Sources */,
				A00000000000000000002002 /* Frameworks */,
				A00000000000000000002003 /* Resources */,
			);
			buildRules = (
			);
			dependencies = (
			);
			name = MeetingAssistantNative;
			productName = MeetingAssistantNative;
			productReference = B00000000000000000000011 /* MeetingAssistantNative.app */;
			productType = "com.apple.product-type.application";
		};
		A00000000000000000001002 /* MeetingAssistantNativeAppUITests */ = {
			isa = PBXNativeTarget;
			buildConfigurationList = A00000000000000000003003 /* Build configuration list for PBXNativeTarget "MeetingAssistantNativeAppUITests" */;
			buildPhases = (
				A00000000000000000002011 /* Sources */,
				A00000000000000000002012 /* Frameworks */,
				A00000000000000000002013 /* Resources */,
			);
			buildRules = (
			);
			dependencies = (
				A00000000000000000004001 /* PBXTargetDependency */,
			);
			name = MeetingAssistantNativeAppUITests;
			productName = MeetingAssistantNativeAppUITests;
			productReference = B00000000000000000000012 /* MeetingAssistantNativeAppUITests.xctest */;
			productType = "com.apple.product-type.bundle.ui-testing";
		};
/* End PBXNativeTarget section */

/* Begin PBXProject section */
		A00000000000000000000001 /* Project object */ = {
			isa = PBXProject;
			attributes = {
				BuildIndependentTargetsInParallel = 1;
				LastSwiftUpdateCheck = 2600;
				LastUpgradeCheck = 2600;
				TargetAttributes = {
					A00000000000000000001001 = {
						CreatedOnToolsVersion = 26.6;
					};
					A00000000000000000001002 = {
						CreatedOnToolsVersion = 26.6;
						TestTargetID = A00000000000000000001001;
					};
				};
			};
			buildConfigurationList = A00000000000000000003001 /* Build configuration list for PBXProject "MeetingAssistantNative" */;
			compatibilityVersion = "Xcode 15.0";
			developmentRegion = en;
			hasScannedForEncodings = 0;
			knownRegions = (
				en,
				Base,
			);
			mainGroup = A00000000000000000000002;
			productRefGroup = A00000000000000000000003 /* Products */;
			projectDirPath = "";
			projectRoot = "";
			targets = (
				A00000000000000000001001 /* MeetingAssistantNative */,
				A00000000000000000001002 /* MeetingAssistantNativeAppUITests */,
			);
		};
/* End PBXProject section */

/* Begin PBXResourcesBuildPhase section */
		A00000000000000000002003 /* Resources */ = {
			isa = PBXResourcesBuildPhase;
			buildActionMask = 2147483647;
			files = (
			);
			runOnlyForDeploymentPostprocessing = 0;
		};
		A00000000000000000002013 /* Resources */ = {
			isa = PBXResourcesBuildPhase;
			buildActionMask = 2147483647;
			files = (
			);
			runOnlyForDeploymentPostprocessing = 0;
		};
/* End PBXResourcesBuildPhase section */

/* Begin PBXSourcesBuildPhase section */
		A00000000000000000002001 /* Sources */ = {
			isa = PBXSourcesBuildPhase;
			buildActionMask = 2147483647;
			files = (
				C00000000000000000000001 /* MeetingAssistantNativeApp.swift in Sources */,
				C00000000000000000000002 /* DependencyCheckContract.swift in Sources */,
				C00000000000000000000003 /* DependencyCheckProcessRunner.swift in Sources */,
				C00000000000000000000004 /* PermissionDependencyStatusViewModel.swift in Sources */,
				C00000000000000000000005 /* PermissionDependencyStatusView.swift in Sources */,
					C00000000000000000000006 /* RecordingCommandClient.swift in Sources */,
					C00000000000000000000007 /* RecordingFakeCommandClient.swift in Sources */,
					C00000000000000000000024 /* NativeCaptureAdapter.swift in Sources */,
					C00000000000000000000025 /* ControlledNativeCaptureAdapter.swift in Sources */,
					C00000000000000000000026 /* RecordingSessionStore.swift in Sources */,
					C00000000000000000000027 /* NativeRecordingCommandClient.swift in Sources */,
					C00000000000000000000028 /* NativeCapturePermissionChecker.swift in Sources */,
					C00000000000000000000029 /* AppleScreenCaptureKitNativeCaptureAdapter.swift in Sources */,
					C00000000000000000000008 /* RecordingControlViewModel.swift in Sources */,
					C00000000000000000000009 /* RecordingControlView.swift in Sources */,
				C00000000000000000000011 /* TranscriptReviewReadModel.swift in Sources */,
				C00000000000000000000014 /* TranscriptReviewWorkspaceLoader.swift in Sources */,
				C00000000000000000000012 /* TranscriptReviewViewModel.swift in Sources */,
				C00000000000000000000013 /* TranscriptReviewView.swift in Sources */,
				C00000000000000000000015 /* TranscriptActionCommandClient.swift in Sources */,
				C00000000000000000000016 /* TranscriptActionFakeCommandClient.swift in Sources */,
				C00000000000000000000033 /* TranscriptActionOSClients.swift in Sources */,
				C00000000000000000000017 /* TranscriptReviewActionsViewModel.swift in Sources */,
				C00000000000000000000018 /* TranscriptReviewActionsView.swift in Sources */,
				C00000000000000000000019 /* ProcessingCommandClient.swift in Sources */,
				C00000000000000000000020 /* ProcessingCommandProcessRunner.swift in Sources */,
				C00000000000000000000021 /* ProcessingCommandFakeClient.swift in Sources */,
				C00000000000000000000022 /* ProcessingStateViewModel.swift in Sources */,
				C00000000000000000000023 /* ProcessingStateView.swift in Sources */,
				C00000000000000000000030 /* DesignedNativeShellViewModel.swift in Sources */,
				C00000000000000000000031 /* DesignedNativeShellView.swift in Sources */,
				C00000000000000000000034 /* MeetingSessionWorkspaceRepository.swift in Sources */,
				C00000000000000000000035 /* MeetingWorkspaceCoordinator.swift in Sources */,
			);
			runOnlyForDeploymentPostprocessing = 0;
		};
		A00000000000000000002011 /* Sources */ = {
			isa = PBXSourcesBuildPhase;
			buildActionMask = 2147483647;
			files = (
				C00000000000000000000010 /* AppBundleLocatorSmokeTests.swift in Sources */,
				C00000000000000000000032 /* DesignedNativeShellAppBundleTests.swift in Sources */,
			);
			runOnlyForDeploymentPostprocessing = 0;
		};
/* End PBXSourcesBuildPhase section */

/* Begin PBXTargetDependency section */
		A00000000000000000004001 /* PBXTargetDependency */ = {
			isa = PBXTargetDependency;
			target = A00000000000000000001001 /* MeetingAssistantNative */;
			targetProxy = A00000000000000000004002 /* PBXContainerItemProxy */;
		};
/* End PBXTargetDependency section */

/* Begin XCBuildConfiguration section */
		A00000000000000000003101 /* Debug */ = {
			isa = XCBuildConfiguration;
			buildSettings = {
				CLANG_ENABLE_MODULES = YES;
				SDKROOT = macosx;
				SWIFT_ACTIVE_COMPILATION_CONDITIONS = DEBUG;
				SWIFT_VERSION = 6.0;
			};
			name = Debug;
		};
		A00000000000000000003102 /* Release */ = {
			isa = XCBuildConfiguration;
			buildSettings = {
				CLANG_ENABLE_MODULES = YES;
				SDKROOT = macosx;
				SWIFT_VERSION = 6.0;
			};
			name = Release;
		};
		A00000000000000000003201 /* Debug */ = {
			isa = XCBuildConfiguration;
			buildSettings = {
				CODE_SIGN_STYLE = Automatic;
				CURRENT_PROJECT_VERSION = 1;
				ENABLE_HARDENED_RUNTIME = YES;
				GENERATE_INFOPLIST_FILE = YES;
				INFOPLIST_KEY_CFBundleDisplayName = "Meeting Assistant Native";
				INFOPLIST_KEY_LSApplicationCategoryType = "public.app-category.productivity";
				INFOPLIST_KEY_NSMicrophoneUsageDescription = "Meeting Assistant Native records microphone audio only when local meeting recording requests microphone capture.";
				INFOPLIST_KEY_NSPrincipalClass = NSApplication;
				MACOSX_DEPLOYMENT_TARGET = 14.0;
				MARKETING_VERSION = 0.1.0;
				PRODUCT_BUNDLE_IDENTIFIER = "local.meeting-assistant.native";
				PRODUCT_MODULE_NAME = MeetingAssistantNative;
				PRODUCT_NAME = "$(TARGET_NAME)";
				SDKROOT = macosx;
				SWIFT_ACTIVE_COMPILATION_CONDITIONS = DEBUG;
				SWIFT_EMIT_LOC_STRINGS = YES;
				SWIFT_VERSION = 6.0;
			};
			name = Debug;
		};
		A00000000000000000003202 /* Release */ = {
			isa = XCBuildConfiguration;
			buildSettings = {
				CODE_SIGN_STYLE = Automatic;
				CURRENT_PROJECT_VERSION = 1;
				ENABLE_HARDENED_RUNTIME = YES;
				GENERATE_INFOPLIST_FILE = YES;
				INFOPLIST_KEY_CFBundleDisplayName = "Meeting Assistant Native";
				INFOPLIST_KEY_LSApplicationCategoryType = "public.app-category.productivity";
				INFOPLIST_KEY_NSMicrophoneUsageDescription = "Meeting Assistant Native records microphone audio only when local meeting recording requests microphone capture.";
				INFOPLIST_KEY_NSPrincipalClass = NSApplication;
				MACOSX_DEPLOYMENT_TARGET = 14.0;
				MARKETING_VERSION = 0.1.0;
				PRODUCT_BUNDLE_IDENTIFIER = "local.meeting-assistant.native";
				PRODUCT_MODULE_NAME = MeetingAssistantNative;
				PRODUCT_NAME = "$(TARGET_NAME)";
				SDKROOT = macosx;
				SWIFT_EMIT_LOC_STRINGS = YES;
				SWIFT_VERSION = 6.0;
			};
			name = Release;
		};
		A00000000000000000003301 /* Debug */ = {
			isa = XCBuildConfiguration;
			buildSettings = {
				ALWAYS_EMBED_SWIFT_STANDARD_LIBRARIES = YES;
				CODE_SIGN_STYLE = Automatic;
				GENERATE_INFOPLIST_FILE = YES;
				LD_RUNPATH_SEARCH_PATHS = (
					"$(inherited)",
					"@executable_path/../Frameworks",
					"@loader_path/../Frameworks",
				);
				MACOSX_DEPLOYMENT_TARGET = 14.0;
				PRODUCT_BUNDLE_IDENTIFIER = "local.meeting-assistant.native.ui-tests";
				PRODUCT_NAME = "$(TARGET_NAME)";
				SDKROOT = macosx;
				SWIFT_ACTIVE_COMPILATION_CONDITIONS = DEBUG;
				SWIFT_VERSION = 6.0;
				TEST_TARGET_NAME = MeetingAssistantNative;
			};
			name = Debug;
		};
		A00000000000000000003302 /* Release */ = {
			isa = XCBuildConfiguration;
			buildSettings = {
				ALWAYS_EMBED_SWIFT_STANDARD_LIBRARIES = YES;
				CODE_SIGN_STYLE = Automatic;
				GENERATE_INFOPLIST_FILE = YES;
				LD_RUNPATH_SEARCH_PATHS = (
					"$(inherited)",
					"@executable_path/../Frameworks",
					"@loader_path/../Frameworks",
				);
				MACOSX_DEPLOYMENT_TARGET = 14.0;
				PRODUCT_BUNDLE_IDENTIFIER = "local.meeting-assistant.native.ui-tests";
				PRODUCT_NAME = "$(TARGET_NAME)";
				SDKROOT = macosx;
				SWIFT_VERSION = 6.0;
				TEST_TARGET_NAME = MeetingAssistantNative;
			};
			name = Release;
		};
/* End XCBuildConfiguration section */

/* Begin XCConfigurationList section */
		A00000000000000000003001 /* Build configuration list for PBXProject "MeetingAssistantNative" */ = {
			isa = XCConfigurationList;
			buildConfigurations = (
				A00000000000000000003101 /* Debug */,
				A00000000000000000003102 /* Release */,
			);
			defaultConfigurationIsVisible = 0;
			defaultConfigurationName = Debug;
		};
		A00000000000000000003002 /* Build configuration list for PBXNativeTarget "MeetingAssistantNative" */ = {
			isa = XCConfigurationList;
			buildConfigurations = (
				A00000000000000000003201 /* Debug */,
				A00000000000000000003202 /* Release */,
			);
			defaultConfigurationIsVisible = 0;
			defaultConfigurationName = Debug;
		};
		A00000000000000000003003 /* Build configuration list for PBXNativeTarget "MeetingAssistantNativeAppUITests" */ = {
			isa = XCConfigurationList;
			buildConfigurations = (
				A00000000000000000003301 /* Debug */,
				A00000000000000000003302 /* Release */,
			);
			defaultConfigurationIsVisible = 0;
			defaultConfigurationName = Debug;
		};
/* End XCConfigurationList section */
	};
	rootObject = A00000000000000000000001 /* Project object */;
}
